
Microsoft Visual Studio Solution File, Format Version 12.00
# Visual Studio Version 16
VisualStudioVersion = 16.0.31105.61
MinimumVisualStudioVersion = 10.0.40219.1
Project("{FAE04EC0-301F-11D3-BF4B-00C04F79EFBC}") = "Proje.Web", "Proje.Web\Proje.Web.csproj", "{AC9B4A91-2CC6-4B8B-8BB9-BA8D356E1083}"
EndProject
Project("{FAE04EC0-301F-11D3-BF4B-00C04F79EFBC}") = "Proje.Business", "Proje.Business\Proje.Business.csproj", "{7D13E3D3-3188-46F0-AB56-176B412E2BAB}"
EndProject
Project("{FAE04EC0-301F-11D3-BF4B-00C04F79EFBC}") = "Proje.DataAccess", "Proje.DataAccess\Proje.DataAccess.csproj", "{5B816DE3-86B4-4C33-939D-21E6C7A6C5B8}"
EndProject
Global
	GlobalSection(SolutionConfigurationPlatforms) = preSolution
		Debug|Any CPU = Debug|Any CPU
		Release|Any CPU = Release|Any CPU
	EndGlobalSection
	GlobalSection(ProjectConfigurationPlatforms) = postSolution
		{AC9B4A91-2CC6-4B8B-8BB9-BA8D356E1083}.Debug|Any CPU.ActiveCfg = Debug|Any CPU
		{AC9B4A91-2CC6-4B8B-8BB9-BA8D356E1083}.Debug|Any CPU.Build.0 = Debug|Any CPU
		{AC9B4A91-2CC6-4B8B-8BB9-BA8D356E1083}.Release|Any CPU.ActiveCfg = Release|Any CPU
		{AC9B4A91-2CC6-4B8B-8BB9-BA8D356E1083}.Release|Any CPU.Build.0 = Release|Any CPU
		{7D13E3D3-3188-46F0-AB56-176B412E2BAB}.Debug|Any CPU.ActiveCfg = Debug|Any CPU
		{7D13E3D3-3188-46F0-AB56-176B412E2BAB}.Debug|Any CPU.Build.0 = Debug|Any CPU
		{7D13E3D3-3188-46F0-AB56-176B412E2BAB}.Release|Any CPU.ActiveCfg = Release|Any CPU
		{7D13E3D3-3188-46F0-AB56-176B412E2BAB}.Release|Any CPU.Build.0 = Release|Any CPU
		{5B816DE3-86B4-4C33-939D-21E6C7A6C5B8}.Debug|Any CPU.ActiveCfg = Debug|Any CPU
		{5B816DE3-86B4-4C33-939D-21E6C7A6C5B8}.Debug|Any CPU.Build.0 = Debug|Any CPU
		{5B816DE3-86B4-4C33-939D-21E6C7A6C5B8}.Release|Any CPU.ActiveCfg = Release|Any CPU
		{5B816DE3-86B4-4C33-939D-21E6C7A6C5B8}.Release|Any CPU.Build.0 = Release|Any CPU
	EndGlobalSection
	GlobalSection(SolutionProperties) = preSolution
		HideSolutionNode = FALSE
	EndGlobalSection
	GlobalSection(ExtensibilityGlobals) = postSolution
		SolutionGuid = {0298A0F7-50CA-4955-B08F-E1EAFF8ED434}
	EndGlobalSection
EndGlobal
